github.com/regisphilibert/mod-content-test v0.0.0-20190907023045-ff6a787dead2 h1:HS83kT8jmkPrkv1rz1QBfJClBDHAXITD+hIWm+f8zRY=
github.com/regisphilibert/mod-content-test v0.0.0-20190907023045-ff6a787dead2/go.mod h1:zsxnnOdblAhkuLpds+yXKwZXmjr2h3ivLbsfOcaI7QY=
github.com/regisphilibert/mod-content-test v0.0.0-20190907024421-a557d34d08cd/go.mod h1:zsxnnOdblAhkuLpds+yXKwZXmjr2h3ivLbsfOcaI7QY=
github.com/regisphilibert/rp_hugo_theme v0.0.0-20190915205056-ce3666162482 h1:mmPA/6XR129VDYyDMQETEmIJPYrcxNDbZp7GUiEsvng=
github.com/regisphilibert/rp_hugo_theme v0.0.0-20190915205056-ce3666162482/go.mod h1:psjdV+y6bWtAcnrSebtyeIykaIebPUtsHVgl7vjVUic=
